
Microsoft Visual Studio Solution File, Format Version 12.00
# Visual Studio Version 17
VisualStudioVersion = 17.9.34714.143
MinimumVisualStudioVersion = 10.0.40219.1
Project("{FAE04EC0-301F-11D3-BF4B-00C04F79EFBC}") = "ConsoleCalculator", "ConsoleCalculator\ConsoleCalculator.csproj", "{07CEDCA3-D9A9-4AD9-9197-15AE3BF0DA96}"
EndProject
Project("{FAE04EC0-301F-11D3-BF4B-00C04F79EFBC}") = "ConsoleCalculator.Tests.NUnit", "ConsoleCalculator.Tests.NUnit\ConsoleCalculator.Tests.NUnit.csproj", "{F72EE667-C37D-40AD-9689-E3ABC43B609C}"
EndProject
Project("{FAE04EC0-301F-11D3-BF4B-00C04F79EFBC}") = "ConsoleCalculator.Tests.xUnit", "ConsoleCalculator.Tests.xUnit\ConsoleCalculator.Tests.xUnit.csproj", "{91E43B90-122B-4A26-907A-EE35705A9AEF}"
EndProject
Project("{FAE04EC0-301F-11D3-BF4B-00C04F79EFBC}") = "ConsoleCalculator.Tests.MSTest", "ConsoleCalculator.Tests.MSTest\ConsoleCalculator.Tests.MSTest.csproj", "{FCECFEA6-A13A-42A7-BB28-36DEE91BAB3B}"
EndProject
Global
	GlobalSection(SolutionConfigurationPlatforms) = preSolution
		Debug|Any CPU = Debug|Any CPU
		Release|Any CPU = Release|Any CPU
	EndGlobalSection
	GlobalSection(ProjectConfigurationPlatforms) = postSolution
		{07CEDCA3-D9A9-4AD9-9197-15AE3BF0DA96}.Debug|Any CPU.ActiveCfg = Debug|Any CPU
		{07CEDCA3-D9A9-4AD9-9197-15AE3BF0DA96}.Debug|Any CPU.Build.0 = Debug|Any CPU
		{07CEDCA3-D9A9-4AD9-9197-15AE3BF0DA96}.Release|Any CPU.ActiveCfg = Release|Any CPU
		{07CEDCA3-D9A9-4AD9-9197-15AE3BF0DA96}.Release|Any CPU.Build.0 = Release|Any CPU
		{F72EE667-C37D-40AD-9689-E3ABC43B609C}.Debug|Any CPU.ActiveCfg = Debug|Any CPU
		{F72EE667-C37D-40AD-9689-E3ABC43B609C}.Debug|Any CPU.Build.0 = Debug|Any CPU
		{F72EE667-C37D-40AD-9689-E3ABC43B609C}.Release|Any CPU.ActiveCfg = Release|Any CPU
		{F72EE667-C37D-40AD-9689-E3ABC43B609C}.Release|Any CPU.Build.0 = Release|Any CPU
		{91E43B90-122B-4A26-907A-EE35705A9AEF}.Debug|Any CPU.ActiveCfg = Debug|Any CPU
		{91E43B90-122B-4A26-907A-EE35705A9AEF}.Debug|Any CPU.Build.0 = Debug|Any CPU
		{91E43B90-122B-4A26-907A-EE35705A9AEF}.Release|Any CPU.ActiveCfg = Release|Any CPU
		{91E43B90-122B-4A26-907A-EE35705A9AEF}.Release|Any CPU.Build.0 = Release|Any CPU
		{FCECFEA6-A13A-42A7-BB28-36DEE91BAB3B}.Debug|Any CPU.ActiveCfg = Debug|Any CPU
		{FCECFEA6-A13A-42A7-BB28-36DEE91BAB3B}.Debug|Any CPU.Build.0 = Debug|Any CPU
		{FCECFEA6-A13A-42A7-BB28-36DEE91BAB3B}.Release|Any CPU.ActiveCfg = Release|Any CPU
		{FCECFEA6-A13A-42A7-BB28-36DEE91BAB3B}.Release|Any CPU.Build.0 = Release|Any CPU
	EndGlobalSection
	GlobalSection(SolutionProperties) = preSolution
		HideSolutionNode = FALSE
	EndGlobalSection
	GlobalSection(ExtensibilityGlobals) = postSolution
		SolutionGuid = {9F1BCF02-7C67-4D1E-AFFF-AFFAF78993BD}
	EndGlobalSection
EndGlobal
